version = 1
revision = 3
requires-python = "==3.11.*"

[[package]]
name = "pygame-ce"
version = "2.5.6"
source = { registry = "https://pypi.org/simple" }
sdist = { url = "https://files.pythonhosted.org/packages/f1/a0/8199f0e96f43d94b79a74116a20b4937648bd26117e11d8994b1169a9120/pygame_ce-2.5.6.tar.gz", hash = "sha256:d3d019309d1e76fd19978b01753e8576bd76c66411ac7a4885785f95e68dc261", size = 5901071, upload-time = "2025-10-19T13:09:06.225Z" }
wheels = [
    { url = "https://files.pythonhosted.org/packages/07/89/e3491b27d3bc33a2a2520558342a9b907d8a269e2e3d2d1ae7a6493c5ec6/pygame_ce-2.5.6-cp311-cp311-macosx_10_11_x86_64.whl", hash = "sha256:c194cf4ea81143173e74bd7821ee976ce3ec5d26c664544d0d273936fd9251c5", size = 12492629, upload-time = "2025-10-19T13:07:35.693Z" },
    { url = "https://files.pythonhosted.org/packages/16/11/37fda5d2c6bb562cd130a281bfd8db574742b3d556834513fc048cde1e8b/pygame_ce-2.5.6-cp311-cp311-macosx_11_0_arm64.whl", hash = "sha256:f24e49d0a26a5b0ccd61b5e03828c0a16ca14423db03f3ea8d5e7565d3ab36e2", size = 11729124, upload-time = "2025-10-19T13:07:38.243Z" },
    { url = "https://files.pythonhosted.org/packages/ff/ee/5328f9e0a767eb263cb973b13dd327fa388e16adc2b7b331b7e30e802e39/pygame_ce-2.5.6-cp311-cp311-manylinux2014_aarch64.manylinux_2_17_aarch64.whl", hash = "sha256:cdfecaf03c4d2342501b1ec5d1d03e0381ac21199cfa1c51bb39ee2e8a7409ba", size = 12410817, upload-time = "2025-10-19T13:07:40.346Z" },
    { url = "https://files.pythonhosted.org/packages/1c/26/e11061a80143700e1b069bb1c3b45f8eea73def141e36cecb88cf0b2e63f/pygame_ce-2.5.6-cp311-cp311-manylinux2014_i686.manylinux_2_17_i686.whl", hash = "sha256:2cca232a9b5822bf1006155ccddc0655d0555dbb96d5014fc44686ca32815ac2", size = 12949058, upload-time = "2025-10-19T13:07:42.384Z" },
    { url = "https://files.pythonhosted.org/packages/cb/9e/b7cf042f22035837e1d895a389f20e87c849cca3bb56460ed4141878c6b8/pygame_ce-2.5.6-cp311-cp311-manylinux2014_x86_64.manylinux_2_17_x86_64.whl", hash = "sha256:06afd21e9513064bd9f77f909bbcc4fa2af4083dea301dce81b17c9b7ec96651", size = 12563663, upload-time = "2025-10-19T13:07:44.714Z" },
    { url = "https://files.pythonhosted.org/packages/0a/b7/a15163875839ff7907cf5ff8145a673ae13cddca3e4bf4620e137ee05fb7/pygame_ce-2.5.6-cp311-cp311-win32.whl", hash = "sha256:0ba2883297a09871023138390110bd2b6fb459211c08bdbc1b4b10f697742ee2", size = 9844789, upload-time = "2025-10-19T13:07:46.814Z" },
    { url = "https://files.pythonhosted.org/packages/d5/a2/7bcacbb4812154b44fd2c3d071ecd46d08573a9c7776de1c0d36b96d8d44/pygame_ce-2.5.6-cp311-cp311-win_amd64.whl", hash = "sha256:90bad19e61fa7e82262ed728058158c1888ead14b1c2251d654ec19322a912f0", size = 10430593, upload-time = "2025-10-19T13:07:48.944Z" },
    { url = "https://files.pythonhosted.org/packages/3e/c3/bacfdfafe784964dace6fbb62723dd497fc6dff5e05989e293f4aac35ce6/pygame_ce-2.5.6-pp311-pypy311_pp73-macosx_10_15_x86_64.whl", hash = "sha256:e948916985322a84ec87d165ae545b64edea695a9c1c2cb6934f2228f82098f2", size = 12438126, upload-time = "2025-10-19T13:08:54.019Z" },
    { url = "https://files.pythonhosted.org/packages/4f/45/1a8e07b27f8b860db86316d173dd42b5e9cfff8605530b9ce3e23f7fa033/pygame_ce-2.5.6-pp311-pypy311_pp73-macosx_11_0_arm64.whl", hash = "sha256:b1c419ae3b28d48499d79f35fee674f83fcc8723b7ecbfdad3dc721dfd74e634", size = 11694577, upload-time = "2025-10-19T13:08:56.114Z" },
    { url = "https://files.pythonhosted.org/packages/ea/de/033f41c8efedd102943f1ddd9244b0bb4e65a8917d6675bb47740738804e/pygame_ce-2.5.6-pp311-pypy311_pp73-manylinux2014_aarch64.manylinux_2_17_aarch64.whl", hash = "sha256:7567a71a1e7ea666a25b401b65be2d7168a1c718241bb97cb875cb7f2ad01d22", size = 12360718, upload-time = "2025-10-19T13:08:58.096Z" },
    { url = "https://files.pythonhosted.org/packages/ca/6f/4ecd6e537a73439c122e224c3d4462987f9ca3fb180091d4359caaba4d06/pygame_ce-2.5.6-pp311-pypy311_pp73-manylinux2014_i686.manylinux_2_17_i686.whl", hash = "sha256:3b401dba48031b7525c312e86bc243b71d90538f527d9fe7bb7de608704cd147", size = 12886393, upload-time = "2025-10-19T13:09:00.128Z" },
    { url = "https://files.pythonhosted.org/packages/00/a1/b7f1f5236fa6ce6628ede5f0df6ba444b2783407f49989a38b19965f5834/pygame_ce-2.5.6-pp311-pypy311_pp73-manylinux2014_x86_64.manylinux_2_17_x86_64.whl", hash = "sha256:3478c644ffb8f95708e085873a15e2b89c47bf6f1229f7d782ae365c42201bd3", size = 12508857, upload-time = "2025-10-19T13:09:02.178Z" },
    { url = "https://files.pythonhosted.org/packages/b5/3e/1f0fd12456f78189861b2f952bc5c4e3414bae4737a21b00f8a3391f6c61/pygame_ce-2.5.6-pp311-pypy311_pp73-win_amd64.whl", hash = "sha256:17037676211e97b6ca4f1a0719d3c1451ba77455934cafc9054cddc45f7a5e4c", size = 10385403, upload-time = "2025-10-19T13:09:04.256Z" },
]

[[package]]
name = "tank-war"
version = "0.1.0"
source = { editable = "." }
dependencies = [
    { name = "pygame-ce" },
]

[package.metadata]
requires-dist = [{ name = "pygame-ce", specifier = ">=2.5.0" }]
